
Microsoft Visual Studio Solution File, Format Version 12.00
# Visual Studio Version 17
VisualStudioVersion = 17.13.35828.75
MinimumVisualStudioVersion = 10.0.40219.1
Project("{F184B08F-C81C-45F6-A57F-5ABD9991F28F}") = "QLSV", "QLSV\QLSV.vbproj", "{A989DCA6-E509-4144-9FD1-F5032C49A673}"
EndProject
Global
	GlobalSection(SolutionConfigurationPlatforms) = preSolution
		Debug|Any CPU = Debug|Any CPU
		Release|Any CPU = Release|Any CPU
	EndGlobalSection
	GlobalSection(ProjectConfigurationPlatforms) = postSolution
		{A989DCA6-E509-4144-9FD1-F5032C49A673}.Debug|Any CPU.ActiveCfg = Debug|Any CPU
		{A989DCA6-E509-4144-9FD1-F5032C49A673}.Debug|Any CPU.Build.0 = Debug|Any CPU
		{A989DCA6-E509-4144-9FD1-F5032C49A673}.Release|Any CPU.ActiveCfg = Release|Any CPU
		{A989DCA6-E509-4144-9FD1-F5032C49A673}.Release|Any CPU.Build.0 = Release|Any CPU
	EndGlobalSection
	GlobalSection(SolutionProperties) = preSolution
		HideSolutionNode = FALSE
	EndGlobalSection
	GlobalSection(ExtensibilityGlobals) = postSolution
		SolutionGuid = {E98ED8D2-E4D3-4F90-80B7-EED43E2A95D7}
	EndGlobalSection
EndGlobal
